
Microsoft Visual Studio Solution File, Format Version 12.00
Project("{FAE04EC0-301F-11D3-BF4B-00C04F79EFBC}") = "Sera.TaggedUnion", "Sera.TaggedUnion\Sera.TaggedUnion.csproj", "{FA086384-2C1F-4C9F-BFA1-DFBC4D257A28}"
EndProject
Project("{FAE04EC0-301F-11D3-BF4B-00C04F79EFBC}") = "Sera.TaggedUnion.Analyzers", "Sera.TaggedUnion.Analyzers\Sera.TaggedUnion.Analyzers.csproj", "{5A6BB5A9-AF6E-4F83-98C0-3B8FA0D22BAA}"
EndProject
Project("{FAE04EC0-301F-11D3-BF4B-00C04F79EFBC}") = "ManualTesting", "ManualTesting\ManualTesting.csproj", "{1C9AA6A6-A20D-4CD0-8E7F-894DB2BA3F6D}"
EndProject
Project("{FAE04EC0-301F-11D3-BF4B-00C04F79EFBC}") = "Tests", "Tests\Tests.csproj", "{7D1FA4DD-AA4B-44E4-9931-C7DA65D70813}"
EndProject
Project("{FAE04EC0-301F-11D3-BF4B-00C04F79EFBC}") = "Sera.Union.Utilities", "Sera.Union.Utilities\Sera.Union.Utilities.csproj", "{6C4CA8D1-AA49-4098-BD19-F38940107C07}"
EndProject
Global
	GlobalSection(SolutionConfigurationPlatforms) = preSolution
		Debug|Any CPU = Debug|Any CPU
		Release|Any CPU = Release|Any CPU
	EndGlobalSection
	GlobalSection(ProjectConfigurationPlatforms) = postSolution
		{FA086384-2C1F-4C9F-BFA1-DFBC4D257A28}.Debug|Any CPU.ActiveCfg = Debug|Any CPU
		{FA086384-2C1F-4C9F-BFA1-DFBC4D257A28}.Debug|Any CPU.Build.0 = Debug|Any CPU
		{FA086384-2C1F-4C9F-BFA1-DFBC4D257A28}.Release|Any CPU.ActiveCfg = Release|Any CPU
		{FA086384-2C1F-4C9F-BFA1-DFBC4D257A28}.Release|Any CPU.Build.0 = Release|Any CPU
		{5A6BB5A9-AF6E-4F83-98C0-3B8FA0D22BAA}.Debug|Any CPU.ActiveCfg = Debug|Any CPU
		{5A6BB5A9-AF6E-4F83-98C0-3B8FA0D22BAA}.Debug|Any CPU.Build.0 = Debug|Any CPU
		{5A6BB5A9-AF6E-4F83-98C0-3B8FA0D22BAA}.Release|Any CPU.ActiveCfg = Release|Any CPU
		{5A6BB5A9-AF6E-4F83-98C0-3B8FA0D22BAA}.Release|Any CPU.Build.0 = Release|Any CPU
		{1C9AA6A6-A20D-4CD0-8E7F-894DB2BA3F6D}.Debug|Any CPU.ActiveCfg = Debug|Any CPU
		{1C9AA6A6-A20D-4CD0-8E7F-894DB2BA3F6D}.Debug|Any CPU.Build.0 = Debug|Any CPU
		{1C9AA6A6-A20D-4CD0-8E7F-894DB2BA3F6D}.Release|Any CPU.ActiveCfg = Release|Any CPU
		{1C9AA6A6-A20D-4CD0-8E7F-894DB2BA3F6D}.Release|Any CPU.Build.0 = Release|Any CPU
		{7D1FA4DD-AA4B-44E4-9931-C7DA65D70813}.Debug|Any CPU.ActiveCfg = Debug|Any CPU
		{7D1FA4DD-AA4B-44E4-9931-C7DA65D70813}.Debug|Any CPU.Build.0 = Debug|Any CPU
		{7D1FA4DD-AA4B-44E4-9931-C7DA65D70813}.Release|Any CPU.ActiveCfg = Release|Any CPU
		{7D1FA4DD-AA4B-44E4-9931-C7DA65D70813}.Release|Any CPU.Build.0 = Release|Any CPU
		{6C4CA8D1-AA49-4098-BD19-F38940107C07}.Debug|Any CPU.ActiveCfg = Debug|Any CPU
		{6C4CA8D1-AA49-4098-BD19-F38940107C07}.Debug|Any CPU.Build.0 = Debug|Any CPU
		{6C4CA8D1-AA49-4098-BD19-F38940107C07}.Release|Any CPU.ActiveCfg = Release|Any CPU
		{6C4CA8D1-AA49-4098-BD19-F38940107C07}.Release|Any CPU.Build.0 = Release|Any CPU
	EndGlobalSection
EndGlobal
